
Microsoft Visual Studio Solution File, Format Version 12.00
# Visual Studio Version 16
VisualStudioVersion = 25.0.1706.10
MinimumVisualStudioVersion = 10.0.40219.1
Project("{FAE04EC0-301F-11D3-BF4B-00C04F79EFBC}") = "SofianApp", "SofianApp\SofianApp.csproj", "{747FDC7A-16DA-4E64-8135-2F4E61F53789}"
EndProject
Global
	GlobalSection(SolutionConfigurationPlatforms) = preSolution
		Debug|Any CPU = Debug|Any CPU
		Release|Any CPU = Release|Any CPU
	EndGlobalSection
	GlobalSection(ProjectConfigurationPlatforms) = postSolution
		{747FDC7A-16DA-4E64-8135-2F4E61F53789}.Debug|Any CPU.ActiveCfg = Debug|Any CPU
		{747FDC7A-16DA-4E64-8135-2F4E61F53789}.Debug|Any CPU.Build.0 = Debug|Any CPU
		{747FDC7A-16DA-4E64-8135-2F4E61F53789}.Release|Any CPU.ActiveCfg = Release|Any CPU
		{747FDC7A-16DA-4E64-8135-2F4E61F53789}.Release|Any CPU.Build.0 = Release|Any CPU
	EndGlobalSection
	GlobalSection(SolutionProperties) = preSolution
		HideSolutionNode = FALSE
	EndGlobalSection
	GlobalSection(ExtensibilityGlobals) = postSolution
		SolutionGuid = {E5DC1303-2775-4CB6-BA71-F51CDC9CA654}
	EndGlobalSection
EndGlobal
